// !$*UTF8*$!
{
	archiveVersion = 1;
	classes = {
	};
	objectVersion = 46;
	objects = {

/* Begin PBXBuildFile section */
		FACE8ACD1BD6FB0B00B9D055 /* AppDelegate.swift in Sources */ = {isa = PBXBuildFile; fileRef = FACE8ACC1BD6FB0B00B9D055 /* AppDelegate.swift */; };
		FACE8ACF1BD6FB0B00B9D055 /* ViewController.swift in Sources */ = {isa = PBXBuildFile; fileRef = FACE8ACE1BD6FB0B00B9D055 /* ViewController.swift */; };
		FACE8AD21BD6FB0B00B9D055 /* Main.storyboard in Resources */ = {isa = PBXBuildFile; fileRef = FACE8AD01BD6FB0B00B9D055 /* Main.storyboard */; };
		FACE8AD41BD6FB0B00B9D055 /* Assets.xcassets in Resources */ = {isa = PBXBuildFile; fileRef = FACE8AD31BD6FB0B00B9D055 /* Assets.xcassets */; };
		FACE8AD71BD6FB0B00B9D055 /* LaunchScreen.storyboard in Resources */ = {isa = PBXBuildFile; fileRef = FACE8AD51BD6FB0B00B9D055 /* LaunchScreen.storyboard */; };
		FACE8ADF1BD70CDD00B9D055 /* cat.png in Resources */ = {isa = PBXBuildFile; fileRef = FACE8ADE1BD70CDD00B9D055 /* cat.png */; settings = {ASSET_TAGS = (); }; };
/* End PBXBuildFile section */

/* Begin PBXFileReference section */
		FACE8AC91BD6FB0B00B9D055 /* Hello World.app */ = {isa = PBXFileReference; explicitFileType = wrapper.application; includeInIndex = 0; path = "Hello World.app"; sourceTree = BUILT_PRODUCTS_DIR; };
		FACE8ACC1BD6FB0B00B9D055 /* AppDelegate.swift */ = {isa = PBXFileReference; lastKnownFileType = sourcecode.swift; path = AppDelegate.swift; sourceTree = "<group>"; };
		FACE8ACE1BD6FB0B00B9D055 /* ViewController.swift */ = {isa = PBXFileReference; lastKnownFileType = sourcecode.swift; path = ViewController.swift; sourceTree = "<group>"; };
		FACE8AD11BD6FB0B00B9D055 /* Base */ = {isa = PBXFileReference; lastKnownFileType = file.storyboard; name = Base; path = Base.lproj/Main.storyboard; sourceTree = "<group>"; };
		FACE8AD31BD6FB0B00B9D055 /* Assets.xcassets */ = {isa = PBXFileReference; lastKnownFileType = folder.assetcatalog; path = Assets.xcassets; sourceTree = "<group>"; };
		FACE8AD61BD6FB0B00B9D055 /* Base */ = {isa = PBXFileReference; lastKnownFileType = file.storyboard; name = Base; path = Base.lproj/LaunchScreen.storyboard; sourceTree = "<group>"; };
		FACE8AD81BD6FB0B00B9D055 /* Info.plist */ = {isa = PBXFileReference; lastKnownFileType = text.plist.xml; path = Info.plist; sourceTree = "<group>"; };
		FACE8ADE1BD70CDD00B9D055 /* cat.png */ = {isa = PBXFileReference; lastKnownFileType = image.png; path = cat.png; sourceTree = "<group>"; };
/* End PBXFileReference section */

/* Begin PBXFrameworksBuildPhase section */
		FACE8AC61BD6FB0B00B9D055 /* Frameworks */ = {
			isa = PBXFrameworksBuildPhase;
			buildActionMask = 2147483647;
			files = (
			);
			runOnlyForDeploymentPostprocessing = 0;
		};
/* End PBXFrameworksBuildPhase section */

/* Begin PBXGroup section */
		FACE8AC01BD6FB0B00B9D055 = {
			isa = PBXGroup;
			children = (
				FACE8ACB1BD6FB0B00B9D055 /* Hello World */,
				FACE8ACA1BD6FB0B00B9D055 /* Products */,
			);
			sourceTree = "<group>";
		};
		FACE8ACA1BD6FB0B00B9D055 /* Products */ = {
			isa = PBXGroup;
			children = (
				FACE8AC91BD6FB0B00B9D055 /* Hello World.app */,
			);
			name = Products;
			sourceTree = "<group>";
		};
		FACE8ACB1BD6FB0B00B9D055 /* Hello World */ = {
			isa = PBXGroup;
			children = (
				FACE8ACC1BD6FB0B00B9D055 /* AppDelegate.swift */,
				FACE8ACE1BD6FB0B00B9D055 /* ViewController.swift */,
				FACE8AD01BD6FB0B00B9D055 /* Main.storyboard */,
				FACE8ADE1BD70CDD00B9D055 /* cat.png */,
				FACE8AD31BD6FB0B00B9D055 /* Assets.xcassets */,
				FACE8AD51BD6FB0B00B9D055 /* LaunchScreen.storyboard */,
				FACE8AD81BD6FB0B00B9D055 /* Info.plist */,
			);
			path = "Hello World";
			sourceTree = "<group>";
		};
/* End PBXGroup section */

/* Begin PBXNativeTarget section */
		FACE8AC81BD6FB0B00B9D055 /* Hello World */ = {
			isa = PBXNativeTarget;
			buildConfigurationList = FACE8ADB1BD6FB0B00B9D055 /* Build configuration list for PBXNativeTarget "Hello World" */;
			buildPhases = (
				FACE8AC51BD6FB0B00B9D055 /* Sources */,
				FACE8AC61BD6FB0B00B9D055 /* Frameworks */,
				FACE8AC71BD6FB0B00B9D055 /* Resources */,
			);
			buildRules = (
			);
			dependencies = (
			);
			name = "Hello World";
			productName = "Hello World";
			productReference = FACE8AC91BD6FB0B00B9D055 /* Hello World.app */;
			productType = "com.apple.product-type.application";
		};
/* End PBXNativeTarget section */

/* Begin PBXProject section */
		FACE8AC11BD6FB0B00B9D055 /* Project object */ = {
			isa = PBXProject;
			attributes = {
				LastUpgradeCheck = 0700;
				ORGANIZATIONNAME = "Jared Allen";
				TargetAttributes = {
					FACE8AC81BD6FB0B00B9D055 = {
						CreatedOnToolsVersion = 7.0.1;
						DevelopmentTeam = 8W8VUK9UZ3;
					};
				};
			};
			buildConfigurationList = FACE8AC41BD6FB0B00B9D055 /* Build configuration list for PBXProject "Hello World" */;
			compatibilityVersion = "Xcode 3.2";
			developmentRegion = English;
			hasScannedForEncodings = 0;
			knownRegions = (
				en,
				Base,
			);
			mainGroup = FACE8AC01BD6FB0B00B9D055;
			productRefGroup = FACE8ACA1BD6FB0B00B9D055 /* Products */;
			projectDirPath = "";
			projectRoot = "";
			targets = (
				FACE8AC81BD6FB0B00B9D055 /* Hello World */,
			);
		};
/* End PBXProject section */

/* Begin PBXResourcesBuildPhase section */
		FACE8AC71BD6FB0B00B9D055 /* Resources */ = {
			isa = PBXResourcesBuildPhase;
			buildActionMask = 2147483647;
			files = (
				FACE8AD71BD6FB0B00B9D055 /* LaunchScreen.storyboard in Resources */,
				FACE8AD41BD6FB0B00B9D055 /* Assets.xcassets in Resources */,
				FACE8ADF1BD70CDD00B9D055 /* cat.png in Resources */,
				FACE8AD21BD6FB0B00B9D055 /* Main.storyboard in Resources */,
			);
			runOnlyForDeploymentPostprocessing = 0;
		};
/* End PBXResourcesBuildPhase section */

/* Begin PBXSourcesBuildPhase section */
		FACE8AC51BD6FB0B00B9D055 /* Sources */ = {
			isa = PBXSourcesBuildPhase;
			buildActionMask = 2147483647;
			files = (
				FACE8ACF1BD6FB0B00B9D055 /* ViewController.swift in Sources */,
				FACE8ACD1BD6FB0B00B9D055 /* AppDelegate.swift in Sources */,
			);
			runOnlyForDeploymentPostprocessing = 0;
		};
/* End PBXSourcesBuildPhase section */

/* Begin PBXVariantGroup section */
		FACE8AD01BD6FB0B00B9D055 /* Main.storyboard */ = {
			isa = PBXVariantGroup;
			children = (
				FACE8AD11BD6FB0B00B9D055 /* Base */,
			);
			name = Main.storyboard;
			sourceTree = "<group>";
		};
		FACE8AD51BD6FB0B00B9D055 /* LaunchScreen.storyboard */ = {
			isa = PBXVariantGroup;
			children = (
				FACE8AD61BD6FB0B00B9D055 /* Base */,
			);
			name = LaunchScreen.storyboard;
			sourceTree = "<group>";
		};
/* End PBXVariantGroup section */

/* Begin XCBuildConfiguration section */
		FACE8AD91BD6FB0B00B9D055 /* Debug */ = {
			isa = XCBuildConfiguration;
			buildSettings = {
				ALWAYS_SEARCH_USER_PATHS = NO;
				CLANG_CXX_LANGUAGE_STANDARD = "gnu++0x";
				CLANG_CXX_LIBRARY = "libc++";
				CLANG_ENABLE_MODULES = YES;
				CLANG_ENABLE_OBJC_ARC = YES;
				CLANG_WARN_BOOL_CONVERSION = YES;
				CLANG_WARN_CONSTANT_CONVERSION = YES;
				CLANG_WARN_DIRECT_OBJC_ISA_USAGE = YES_ERROR;
				CLANG_WARN_EMPTY_BODY = YES;
				CLANG_WARN_ENUM_CONVERSION = YES;
				CLANG_WARN_INT_CONVERSION = YES;
				CLANG_WARN_OBJC_ROOT_CLASS = YES_ERROR;
				CLANG_WARN_UNREACHABLE_CODE = YES;
				CLANG_WARN__DUPLICATE_METHOD_MATCH = YES;
				"CODE_SIGN_IDENTITY[sdk=iphoneos*]" = "iPhone Developer";
				COPY_PHASE_STRIP = NO;
				DEBUG_INFORMATION_FORMAT = dwarf;
				ENABLE_STRICT_OBJC_MSGSEND = YES;
				ENABLE_TESTABILITY = YES;
				GCC_C_LANGUAGE_STANDARD = gnu99;
				GCC_DYNAMIC_NO_PIC = NO;
				GCC_NO_COMMON_BLOCKS = YES;
				GCC_OPTIMIZATION_LEVEL = 0;
				GCC_PREPROCESSOR_DEFINITIONS = (
					"DEBUG=1",
					"$(inherited)",
				);
				GCC_WARN_64_TO_32_BIT_CONVERSION = YES;
				GCC_WARN_ABOUT_RETURN_TYPE = YES_ERROR;
				GCC_WARN_UNDECLARED_SELECTOR = YES;
				GCC_WARN_UNINITIALIZED_AUTOS = YES_AGGRESSIVE;
				GCC_WARN_UNUSED_FUNCTION = YES;
				GCC_WARN_UNUSED_VARIABLE = YES;
				IPHONEOS_DEPLOYMENT_TARGET = 9.0;
				MTL_ENABLE_DEBUG_INFO = YES;
				ONLY_ACTIVE_ARCH = YES;
				SDKROOT = iphoneos;
				SWIFT_OPTIMIZATION_LEVEL = "-Onone";
			};
			name = Debug;
		};
		FACE8ADA1BD6FB0B00B9D055 /* Release */ = {
			isa = XCBuildConfiguration;
			buildSettings = {
				ALWAYS_SEARCH_USER_PATHS = NO;
				CLANG_CXX_LANGUAGE_STANDARD = "gnu++0x";
				CLANG_CXX_LIBRARY = "libc++";
				CLANG_ENABLE_MODULES = YES;
				CLANG_ENABLE_OBJC_ARC = YES;
				CLANG_WARN_BOOL_CONVERSION = YES;
				CLANG_WARN_CONSTANT_CONVERSION = YES;
				CLANG_WARN_DIRECT_OBJC_ISA_USAGE = YES_ERROR;
				CLANG_WARN_EMPTY_BODY = YES;
				CLANG_WARN_ENUM_CONVERSION = YES;
				CLANG_WARN_INT_CONVERSION = YES;
				CLANG_WARN_OBJC_ROOT_CLASS = YES_ERROR;
				CLANG_WARN_UNREACHABLE_CODE = YES;
				CLANG_WARN__DUPLICATE_METHOD_MATCH = YES;
				"CODE_SIGN_IDENTITY[sdk=iphoneos*]" = "iPhone Developer";
				COPY_PHASE_STRIP = NO;
				DEBUG_INFORMATION_FORMAT = "dwarf-with-dsym";
				ENABLE_NS_ASSERTIONS = NO;
				ENABLE_STRICT_OBJC_MSGSEND = YES;
				GCC_C_LANGUAGE_STANDARD = gnu99;
				GCC_NO_COMMON_BLOCKS = YES;
				GCC_WARN_64_TO_32_BIT_CONVERSION = YES;
				GCC_WARN_ABOUT_RETURN_TYPE = YES_ERROR;
				GCC_WARN_UNDECLARED_SELECTOR = YES;
				GCC_WARN_UNINITIALIZED_AUTOS = YES_AGGRESSIVE;
				GCC_WARN_UNUSED_FUNCTION = YES;
				GCC_WARN_UNUSED_VARIABLE = YES;
				IPHONEOS_DEPLOYMENT_TARGET = 9.0;
				MTL_ENABLE_DEBUG_INFO = NO;
				SDKROOT = iphoneos;
				VALIDATE_PRODUCT = YES;
			};
			name = Release;
		};
		FACE8ADC1BD6FB0B00B9D055 /* Debug */ = {
			isa = XCBuildConfiguration;
			buildSettings = {
				ASSETCATALOG_COMPILER_APPICON_NAME = AppIcon;
				INFOPLIST_FILE = "Hello World/Info.plist";
				LD_RUNPATH_SEARCH_PATHS = "$(inherited) @executable_path/Frameworks";
				PRODUCT_BUNDLE_IDENTIFIER = "com.jaredallen.Hello-World";
				PRODUCT_NAME = "$(TARGET_NAME)";
			};
			name = Debug;
		};
		FACE8ADD1BD6FB0B00B9D055 /* Release */ = {
			isa = XCBuildConfiguration;
			buildSettings = {
				ASSETCATALOG_COMPILER_APPICON_NAME = AppIcon;
				INFOPLIST_FILE = "Hello World/Info.plist";
				LD_RUNPATH_SEARCH_PATHS = "$(inherited) @executable_path/Frameworks";
				PRODUCT_BUNDLE_IDENTIFIER = "com.jaredallen.Hello-World";
				PRODUCT_NAME = "$(TARGET_NAME)";
			};
			name = Release;
		};
/* End XCBuildConfiguration section */

/* Begin XCConfigurationList section */
		FACE8AC41BD6FB0B00B9D055 /* Build configuration list for PBXProject "Hello World" */ = {
			isa = XCConfigurationList;
			buildConfigurations = (
				FACE8AD91BD6FB0B00B9D055 /* Debug */,
				FACE8ADA1BD6FB0B00B9D055 /* Release */,
			);
			defaultConfigurationIsVisible = 0;
			defaultConfigurationName = Release;
		};
		FACE8ADB1BD6FB0B00B9D055 /* Build configuration list for PBXNativeTarget "Hello World" */ = {
			isa = XCConfigurationList;
			buildConfigurations = (
				FACE8ADC1BD6FB0B00B9D055 /* Debug */,
				FACE8ADD1BD6FB0B00B9D055 /* Release */,
			);
			defaultConfigurationIsVisible = 0;
		};
/* End XCConfigurationList section */
	};
	rootObject = FACE8AC11BD6FB0B00B9D055 /* Project object */;
}
